
Microsoft Visual Studio Solution File, Format Version 12.00
# Visual Studio 15
Project("{FAE04EC0-301F-11D3-BF4B-00C04F79EFBC}") = "UnityEngine.TestRunner", "UnityEngine.TestRunner.csproj", "{67AADEA8-3D96-73EF-5949-C56ABD3E7F23}"
EndProject
Project("{FAE04EC0-301F-11D3-BF4B-00C04F79EFBC}") = "Unity.Timeline", "Unity.Timeline.csproj", "{501754EF-954D-5026-B6F3-E2D06A983026}"
EndProject
Project("{FAE04EC0-301F-11D3-BF4B-00C04F79EFBC}") = "UnityEngine.UI", "UnityEngine.UI.csproj", "{8FF8E77E-DD46-9057-B475-067975757C07}"
EndProject
Project("{FAE04EC0-301F-11D3-BF4B-00C04F79EFBC}") = "Unity.TextMeshPro", "Unity.TextMeshPro.csproj", "{B7FA6AAC-C3D8-802A-803A-9903785A3C3D}"
EndProject
Project("{FAE04EC0-301F-11D3-BF4B-00C04F79EFBC}") = "Assembly-CSharp", "Assembly-CSharp.csproj", "{2442D0AB-0EA5-173E-8E9D-2838C803AF28}"
EndProject
Project("{FAE04EC0-301F-11D3-BF4B-00C04F79EFBC}") = "UnityEditor.TestRunner", "UnityEditor.TestRunner.csproj", "{2210FF59-FE1D-D40A-7B7D-E84ED0CBF861}"
EndProject
Project("{FAE04EC0-301F-11D3-BF4B-00C04F79EFBC}") = "Unity.PlasticSCM.Editor", "Unity.PlasticSCM.Editor.csproj", "{2F3B45DD-D91B-E7B8-EC77-39770E6D6034}"
EndProject
Project("{FAE04EC0-301F-11D3-BF4B-00C04F79EFBC}") = "UnityEditor.UI", "UnityEditor.UI.csproj", "{80E70302-ED6C-3E7D-7744-DFD57A04BB16}"
EndProject
Project("{FAE04EC0-301F-11D3-BF4B-00C04F79EFBC}") = "Unity.Timeline.Editor", "Unity.Timeline.Editor.csproj", "{7E5F8623-0D23-FFBA-815F-087981DC2848}"
EndProject
Project("{FAE04EC0-301F-11D3-BF4B-00C04F79EFBC}") = "Unity.VisualStudio.Editor", "Unity.VisualStudio.Editor.csproj", "{798D8424-5967-E987-8270-589255A86E39}"
EndProject
Project("{FAE04EC0-301F-11D3-BF4B-00C04F79EFBC}") = "Unity.TextMeshPro.Editor", "Unity.TextMeshPro.Editor.csproj", "{E60A443C-6D13-23D3-EC8A-5CEE4B997141}"
EndProject
Project("{FAE04EC0-301F-11D3-BF4B-00C04F79EFBC}") = "Unity.CollabProxy.Editor", "Unity.CollabProxy.Editor.csproj", "{A8C161B9-38C7-8EFF-39E8-89F8AE372DE7}"
EndProject
Project("{FAE04EC0-301F-11D3-BF4B-00C04F79EFBC}") = "Unity.Rider.Editor", "Unity.Rider.Editor.csproj", "{1C94B252-B68A-9355-DD0A-6608DFCAFCAE}"
EndProject
Project("{FAE04EC0-301F-11D3-BF4B-00C04F79EFBC}") = "Unity.VSCode.Editor", "Unity.VSCode.Editor.csproj", "{973129D6-9C31-5133-0A22-C2C68876730C}"
EndProject
Project("{FAE04EC0-301F-11D3-BF4B-00C04F79EFBC}") = "Unity.2D.Sprite.Editor", "Unity.2D.Sprite.Editor.csproj", "{C745C58A-8681-D412-F8E1-CE80B78DF5E5}"
EndProject
Project("{FAE04EC0-301F-11D3-BF4B-00C04F79EFBC}") = "Unity.2D.Tilemap.Editor", "Unity.2D.Tilemap.Editor.csproj", "{98630E17-7ADE-1AB2-08D1-9C2CCDA27A3B}"
EndProject
Project("{FAE04EC0-301F-11D3-BF4B-00C04F79EFBC}") = "UnityEngine.TestRunner", "UnityEngine.TestRunner.Player.csproj", "{7258562E-F54C-0F34-D8D9-43F2929C1969}"
EndProject
Project("{FAE04EC0-301F-11D3-BF4B-00C04F79EFBC}") = "Unity.Timeline", "Unity.Timeline.Player.csproj", "{611BB2CF-E99A-08BE-4288-CB991B4503C3}"
EndProject
Project("{FAE04EC0-301F-11D3-BF4B-00C04F79EFBC}") = "UnityEngine.UI", "UnityEngine.UI.Player.csproj", "{EC1B0A0E-9D92-C2C3-8869-D3EEDACB5DB2}"
EndProject
Project("{FAE04EC0-301F-11D3-BF4B-00C04F79EFBC}") = "Unity.TextMeshPro", "Unity.TextMeshPro.Player.csproj", "{21FC3A4C-DAE7-C6DE-F4A9-FCD510D98416}"
EndProject
Project("{FAE04EC0-301F-11D3-BF4B-00C04F79EFBC}") = "Assembly-CSharp", "Assembly-CSharp.Player.csproj", "{636210AB-B2F7-95D0-4524-0D4284502C84}"
EndProject
Global
	GlobalSection(SolutionConfigurationPlatforms) = preSolution
		Debug|Any CPU = Debug|Any CPU
		Release|Any CPU = Release|Any CPU
	EndGlobalSection
	GlobalSection(ProjectConfigurationPlatforms) = postSolution
		{67AADEA8-3D96-73EF-5949-C56ABD3E7F23}.Debug|Any CPU.ActiveCfg = Debug|Any CPU
		{67AADEA8-3D96-73EF-5949-C56ABD3E7F23}.Debug|Any CPU.Build.0 = Debug|Any CPU
		{67AADEA8-3D96-73EF-5949-C56ABD3E7F23}.Release|Any CPU.ActiveCfg = Release|Any CPU
		{67AADEA8-3D96-73EF-5949-C56ABD3E7F23}.Release|Any CPU.Build.0 = Release|Any CPU
		{501754EF-954D-5026-B6F3-E2D06A983026}.Debug|Any CPU.ActiveCfg = Debug|Any CPU
		{501754EF-954D-5026-B6F3-E2D06A983026}.Debug|Any CPU.Build.0 = Debug|Any CPU
		{501754EF-954D-5026-B6F3-E2D06A983026}.Release|Any CPU.ActiveCfg = Release|Any CPU
		{501754EF-954D-5026-B6F3-E2D06A983026}.Release|Any CPU.Build.0 = Release|Any CPU
		{8FF8E77E-DD46-9057-B475-067975757C07}.Debug|Any CPU.ActiveCfg = Debug|Any CPU
		{8FF8E77E-DD46-9057-B475-067975757C07}.Debug|Any CPU.Build.0 = Debug|Any CPU
		{8FF8E77E-DD46-9057-B475-067975757C07}.Release|Any CPU.ActiveCfg = Release|Any CPU
		{8FF8E77E-DD46-9057-B475-067975757C07}.Release|Any CPU.Build.0 = Release|Any CPU
		{B7FA6AAC-C3D8-802A-803A-9903785A3C3D}.Debug|Any CPU.ActiveCfg = Debug|Any CPU
		{B7FA6AAC-C3D8-802A-803A-9903785A3C3D}.Debug|Any CPU.Build.0 = Debug|Any CPU
		{B7FA6AAC-C3D8-802A-803A-9903785A3C3D}.Release|Any CPU.ActiveCfg = Release|Any CPU
		{B7FA6AAC-C3D8-802A-803A-9903785A3C3D}.Release|Any CPU.Build.0 = Release|Any CPU
		{2442D0AB-0EA5-173E-8E9D-2838C803AF28}.Debug|Any CPU.ActiveCfg = Debug|Any CPU
		{2442D0AB-0EA5-173E-8E9D-2838C803AF28}.Debug|Any CPU.Build.0 = Debug|Any CPU
		{2442D0AB-0EA5-173E-8E9D-2838C803AF28}.Release|Any CPU.ActiveCfg = Release|Any CPU
		{2442D0AB-0EA5-173E-8E9D-2838C803AF28}.Release|Any CPU.Build.0 = Release|Any CPU
		{2210FF59-FE1D-D40A-7B7D-E84ED0CBF861}.Debug|Any CPU.ActiveCfg = Debug|Any CPU
		{2210FF59-FE1D-D40A-7B7D-E84ED0CBF861}.Debug|Any CPU.Build.0 = Debug|Any CPU
		{2210FF59-FE1D-D40A-7B7D-E84ED0CBF861}.Release|Any CPU.ActiveCfg = Release|Any CPU
		{2210FF59-FE1D-D40A-7B7D-E84ED0CBF861}.Release|Any CPU.Build.0 = Release|Any CPU
		{2F3B45DD-D91B-E7B8-EC77-39770E6D6034}.Debug|Any CPU.ActiveCfg = Debug|Any CPU
		{2F3B45DD-D91B-E7B8-EC77-39770E6D6034}.Debug|Any CPU.Build.0 = Debug|Any CPU
		{2F3B45DD-D91B-E7B8-EC77-39770E6D6034}.Release|Any CPU.ActiveCfg = Release|Any CPU
		{2F3B45DD-D91B-E7B8-EC77-39770E6D6034}.Release|Any CPU.Build.0 = Release|Any CPU
		{80E70302-ED6C-3E7D-7744-DFD57A04BB16}.Debug|Any CPU.ActiveCfg = Debug|Any CPU
		{80E70302-ED6C-3E7D-7744-DFD57A04BB16}.Debug|Any CPU.Build.0 = Debug|Any CPU
		{80E70302-ED6C-3E7D-7744-DFD57A04BB16}.Release|Any CPU.ActiveCfg = Release|Any CPU
		{80E70302-ED6C-3E7D-7744-DFD57A04BB16}.Release|Any CPU.Build.0 = Release|Any CPU
		{7E5F8623-0D23-FFBA-815F-087981DC2848}.Debug|Any CPU.ActiveCfg = Debug|Any CPU
		{7E5F8623-0D23-FFBA-815F-087981DC2848}.Debug|Any CPU.Build.0 = Debug|Any CPU
		{7E5F8623-0D23-FFBA-815F-087981DC2848}.Release|Any CPU.ActiveCfg = Release|Any CPU
		{7E5F8623-0D23-FFBA-815F-087981DC2848}.Release|Any CPU.Build.0 = Release|Any CPU
		{798D8424-5967-E987-8270-589255A86E39}.Debug|Any CPU.ActiveCfg = Debug|Any CPU
		{798D8424-5967-E987-8270-589255A86E39}.Debug|Any CPU.Build.0 = Debug|Any CPU
		{798D8424-5967-E987-8270-589255A86E39}.Release|Any CPU.ActiveCfg = Release|Any CPU
		{798D8424-5967-E987-8270-589255A86E39}.Release|Any CPU.Build.0 = Release|Any CPU
		{E60A443C-6D13-23D3-EC8A-5CEE4B997141}.Debug|Any CPU.ActiveCfg = Debug|Any CPU
		{E60A443C-6D13-23D3-EC8A-5CEE4B997141}.Debug|Any CPU.Build.0 = Debug|Any CPU
		{E60A443C-6D13-23D3-EC8A-5CEE4B997141}.Release|Any CPU.ActiveCfg = Release|Any CPU
		{E60A443C-6D13-23D3-EC8A-5CEE4B997141}.Release|Any CPU.Build.0 = Release|Any CPU
		{A8C161B9-38C7-8EFF-39E8-89F8AE372DE7}.Debug|Any CPU.ActiveCfg = Debug|Any CPU
		{A8C161B9-38C7-8EFF-39E8-89F8AE372DE7}.Debug|Any CPU.Build.0 = Debug|Any CPU
		{A8C161B9-38C7-8EFF-39E8-89F8AE372DE7}.Release|Any CPU.ActiveCfg = Release|Any CPU
		{A8C161B9-38C7-8EFF-39E8-89F8AE372DE7}.Release|Any CPU.Build.0 = Release|Any CPU
		{1C94B252-B68A-9355-DD0A-6608DFCAFCAE}.Debug|Any CPU.ActiveCfg = Debug|Any CPU
		{1C94B252-B68A-9355-DD0A-6608DFCAFCAE}.Debug|Any CPU.Build.0 = Debug|Any CPU
		{1C94B252-B68A-9355-DD0A-6608DFCAFCAE}.Release|Any CPU.ActiveCfg = Release|Any CPU
		{1C94B252-B68A-9355-DD0A-6608DFCAFCAE}.Release|Any CPU.Build.0 = Release|Any CPU
		{973129D6-9C31-5133-0A22-C2C68876730C}.Debug|Any CPU.ActiveCfg = Debug|Any CPU
		{973129D6-9C31-5133-0A22-C2C68876730C}.Debug|Any CPU.Build.0 = Debug|Any CPU
		{973129D6-9C31-5133-0A22-C2C68876730C}.Release|Any CPU.ActiveCfg = Release|Any CPU
		{973129D6-9C31-5133-0A22-C2C68876730C}.Release|Any CPU.Build.0 = Release|Any CPU
		{C745C58A-8681-D412-F8E1-CE80B78DF5E5}.Debug|Any CPU.ActiveCfg = Debug|Any CPU
		{C745C58A-8681-D412-F8E1-CE80B78DF5E5}.Debug|Any CPU.Build.0 = Debug|Any CPU
		{C745C58A-8681-D412-F8E1-CE80B78DF5E5}.Release|Any CPU.ActiveCfg = Release|Any CPU
		{C745C58A-8681-D412-F8E1-CE80B78DF5E5}.Release|Any CPU.Build.0 = Release|Any CPU
		{98630E17-7ADE-1AB2-08D1-9C2CCDA27A3B}.Debug|Any CPU.ActiveCfg = Debug|Any CPU
		{98630E17-7ADE-1AB2-08D1-9C2CCDA27A3B}.Debug|Any CPU.Build.0 = Debug|Any CPU
		{98630E17-7ADE-1AB2-08D1-9C2CCDA27A3B}.Release|Any CPU.ActiveCfg = Release|Any CPU
		{98630E17-7ADE-1AB2-08D1-9C2CCDA27A3B}.Release|Any CPU.Build.0 = Release|Any CPU
		{7258562E-F54C-0F34-D8D9-43F2929C1969}.Debug|Any CPU.ActiveCfg = Debug|Any CPU
		{7258562E-F54C-0F34-D8D9-43F2929C1969}.Debug|Any CPU.Build.0 = Debug|Any CPU
		{7258562E-F54C-0F34-D8D9-43F2929C1969}.Release|Any CPU.ActiveCfg = Release|Any CPU
		{7258562E-F54C-0F34-D8D9-43F2929C1969}.Release|Any CPU.Build.0 = Release|Any CPU
		{611BB2CF-E99A-08BE-4288-CB991B4503C3}.Debug|Any CPU.ActiveCfg = Debug|Any CPU
		{611BB2CF-E99A-08BE-4288-CB991B4503C3}.Debug|Any CPU.Build.0 = Debug|Any CPU
		{611BB2CF-E99A-08BE-4288-CB991B4503C3}.Release|Any CPU.ActiveCfg = Release|Any CPU
		{611BB2CF-E99A-08BE-4288-CB991B4503C3}.Release|Any CPU.Build.0 = Release|Any CPU
		{EC1B0A0E-9D92-C2C3-8869-D3EEDACB5DB2}.Debug|Any CPU.ActiveCfg = Debug|Any CPU
		{EC1B0A0E-9D92-C2C3-8869-D3EEDACB5DB2}.Debug|Any CPU.Build.0 = Debug|Any CPU
		{EC1B0A0E-9D92-C2C3-8869-D3EEDACB5DB2}.Release|Any CPU.ActiveCfg = Release|Any CPU
		{EC1B0A0E-9D92-C2C3-8869-D3EEDACB5DB2}.Release|Any CPU.Build.0 = Release|Any CPU
		{21FC3A4C-DAE7-C6DE-F4A9-FCD510D98416}.Debug|Any CPU.ActiveCfg = Debug|Any CPU
		{21FC3A4C-DAE7-C6DE-F4A9-FCD510D98416}.Debug|Any CPU.Build.0 = Debug|Any CPU
		{21FC3A4C-DAE7-C6DE-F4A9-FCD510D98416}.Release|Any CPU.ActiveCfg = Release|Any CPU
		{21FC3A4C-DAE7-C6DE-F4A9-FCD510D98416}.Release|Any CPU.Build.0 = Release|Any CPU
		{636210AB-B2F7-95D0-4524-0D4284502C84}.Debug|Any CPU.ActiveCfg = Debug|Any CPU
		{636210AB-B2F7-95D0-4524-0D4284502C84}.Debug|Any CPU.Build.0 = Debug|Any CPU
		{636210AB-B2F7-95D0-4524-0D4284502C84}.Release|Any CPU.ActiveCfg = Release|Any CPU
		{636210AB-B2F7-95D0-4524-0D4284502C84}.Release|Any CPU.Build.0 = Release|Any CPU
	EndGlobalSection
	GlobalSection(SolutionProperties) = preSolution
		HideSolutionNode = FALSE
	EndGlobalSection
EndGlobal
